
Microsoft Visual Studio Solution File, Format Version 12.00
# Visual Studio Version 16
VisualStudioVersion = 16.0.31515.178
MinimumVisualStudioVersion = 10.0.40219.1
Project("{FAE04EC0-301F-11D3-BF4B-00C04F79EFBC}") = "vetorCRUD", "vetorCRUD.csproj", "{43A41EB2-AB9B-4DC8-B3E7-52B17FC8E559}"
EndProject
Global
	GlobalSection(SolutionConfigurationPlatforms) = preSolution
		Debug|Any CPU = Debug|Any CPU
		Release|Any CPU = Release|Any CPU
	EndGlobalSection
	GlobalSection(ProjectConfigurationPlatforms) = postSolution
		{43A41EB2-AB9B-4DC8-B3E7-52B17FC8E559}.Debug|Any CPU.ActiveCfg = Debug|Any CPU
		{43A41EB2-AB9B-4DC8-B3E7-52B17FC8E559}.Debug|Any CPU.Build.0 = Debug|Any CPU
		{43A41EB2-AB9B-4DC8-B3E7-52B17FC8E559}.Release|Any CPU.ActiveCfg = Release|Any CPU
		{43A41EB2-AB9B-4DC8-B3E7-52B17FC8E559}.Release|Any CPU.Build.0 = Release|Any CPU
	EndGlobalSection
	GlobalSection(SolutionProperties) = preSolution
		HideSolutionNode = FALSE
	EndGlobalSection
	GlobalSection(ExtensibilityGlobals) = postSolution
		SolutionGuid = {7C229330-9320-40FC-B225-B3DECAC9748C}
	EndGlobalSection
EndGlobal
